# This file is automatically @generated by Poetry 2.0.1 and should not be changed by hand.

[[package]]
name = "black"
version = "24.10.0"
description = "The uncompromising code formatter."
optional = false
python-versions = ">=3.9"
groups = ["dev"]
files = [
    {file = "black-24.10.0-cp310-cp310-macosx_10_9_x86_64.whl", hash = "sha256:e6668650ea4b685440857138e5fe40cde4d652633b1bdffc62933d0db4ed9812"},
    {file = "black-24.10.0-cp310-cp310-macosx_11_0_arm64.whl", hash = "sha256:1c536fcf674217e87b8cc3657b81809d3c085d7bf3ef262ead700da345bfa6ea"},
    {file = "black-24.10.0-cp310-cp310-manylinux_2_17_x86_64.manylinux2014_x86_64.manylinux_2_28_x86_64.whl", hash = "sha256:649fff99a20bd06c6f727d2a27f401331dc0cc861fb69cde910fe95b01b5928f"},
    {file = "black-24.10.0-cp310-cp310-win_amd64.whl", hash = "sha256:fe4d6476887de70546212c99ac9bd803d90b42fc4767f058a0baa895013fbb3e"},
    {file = "black-24.10.0-cp311-cp311-macosx_10_9_x86_64.whl", hash = "sha256:5a2221696a8224e335c28816a9d331a6c2ae15a2ee34ec857dcf3e45dbfa99ad"},
    {file = "black-24.10.0-cp311-cp311-macosx_11_0_arm64.whl", hash = "sha256:f9da3333530dbcecc1be13e69c250ed8dfa67f43c4005fb537bb426e19200d50"},
    {file = "black-24.10.0-cp311-cp311-manylinux_2_17_x86_64.manylinux2014_x86_64.manylinux_2_28_x86_64.whl", hash = "sha256:4007b1393d902b48b36958a216c20c4482f601569d19ed1df294a496eb366392"},
    {file = "black-24.10.0-cp311-cp311-win_amd64.whl", hash = "sha256:394d4ddc64782e51153eadcaaca95144ac4c35e27ef9b0a42e121ae7e57a9175"},
    {file = "black-24.10.0-cp312-cp312-macosx_10_13_x86_64.whl", hash = "sha256:b5e39e0fae001df40f95bd8cc36b9165c5e2ea88900167bddf258bacef9bbdc3"},
    {file = "black-24.10.0-cp312-cp312-macosx_11_0_arm64.whl", hash = "sha256:d37d422772111794b26757c5b55a3eade028aa3fde43121ab7b673d050949d65"},
    {file = "black-24.10.0-cp312-cp312-manylinux_2_17_x86_64.manylinux2014_x86_64.manylinux_2_28_x86_64.whl", hash = "sha256:14b3502784f09ce2443830e3133dacf2c0110d45191ed470ecb04d0f5f6fcb0f"},
    {file = "black-24.10.0-cp312-cp312-win_amd64.whl", hash = "sha256:30d2c30dc5139211dda799758559d1b049f7f14c580c409d6ad925b74a4208a8"},
    {file = "black-24.10.0-cp313-cp313-macosx_10_13_x86_64.whl", hash = "sha256:1cbacacb19e922a1d75ef2b6ccaefcd6e93a2c05ede32f06a21386a04cedb981"},
    {file = "black-24.10.0-cp313-cp313-macosx_11_0_arm64.whl", hash = "sha256:1f93102e0c5bb3907451063e08b9876dbeac810e7da5a8bfb7aeb5a9ef89066b"},
    {file = "black-24.10.0-cp313-cp313-manylinux_2_17_x86_64.manylinux2014_x86_64.manylinux_2_28_x86_64.whl", hash = "sha256:ddacb691cdcdf77b96f549cf9591701d8db36b2f19519373d60d31746068dbf2"},
    {file = "black-24.10.0-cp313-cp313-win_amd64.whl", hash = "sha256:680359d932801c76d2e9c9068d05c6b107f2584b2a5b88831c83962eb9984c1b"},
    {file = "black-24.10.0-cp39-cp39-macosx_10_9_x86_64.whl", hash = "sha256:17374989640fbca88b6a448129cd1745c5eb8d9547b464f281b251dd00155ccd"},
    {file = "black-24.10.0-cp39-cp39-macosx_11_0_arm64.whl", hash = "sha256:63f626344343083322233f175aaf372d326de8436f5928c042639a4afbbf1d3f"},
    {file = "black-24.10.0-cp39-cp39-manylinux_2_17_x86_64.manylinux2014_x86_64.manylinux_2_28_x86_64.whl", hash = "sha256:ccfa1d0cb6200857f1923b602f978386a3a2758a65b52e0950299ea014be6800"},
    {file = "black-24.10.0-cp39-cp39-win_amd64.whl", hash = "sha256:2cd9c95431d94adc56600710f8813ee27eea544dd118d45896bb734e9d7a0dc7"},
    {file = "black-24.10.0-py3-none-any.whl", hash = "sha256:3bb2b7a1f7b685f85b11fed1ef10f8a9148bceb49853e47a294a3dd963c1dd7d"},
    {file = "black-24.10.0.tar.gz", hash = "sha256:846ea64c97afe3bc677b761787993be4991810ecc7a4a937816dd6bddedc4875"},
]

[package.dependencies]
click = ">=8.0.0"
mypy-extensions = ">=0.4.3"
packaging = ">=22.0"
pathspec = ">=0.9.0"
platformdirs = ">=2"

[package.extras]
colorama = ["colorama (>=0.4.3)"]
d = ["aiohttp (>=3.10)"]
jupyter = ["ipython (>=7.8.0)", "tokenize-rt (>=3.2.0)"]
uvloop = ["uvloop (>=0.15.2)"]

[[package]]
name = "click"
version = "8.1.8"
description = "Composable command line interface toolkit"
optional = false
python-versions = ">=3.7"
groups = ["dev"]
files = [
    {file = "click-8.1.8-py3-none-any.whl", hash = "sha256:63c132bbbed01578a06712a2d1f497bb62d9c1c0d329b7903a866228027263b2"},
    {file = "click-8.1.8.tar.gz", hash = "sha256:ed53c9d8990d83c2a27deae68e4ee337473f6330c040a31d4225c9574d16096a"},
]

[package.dependencies]
colorama = {version = "*", markers = "platform_system == \"Windows\""}

[[package]]
name = "colorama"
version = "0.4.6"
description = "Cross-platform colored terminal text."
optional = false
python-versions = "!=3.0.*,!=3.1.*,!=3.2.*,!=3.3.*,!=3.4.*,!=3.5.*,!=3.6.*,>=2.7"
groups = ["dev"]
markers = "platform_system == \"Windows\""
files = [
    {file = "colorama-0.4.6-py2.py3-none-any.whl", hash = "sha256:4f1d9991f5acc0ca119f9d443620b77f9d6b33703e51011c16baf57afb285fc6"},
    {file = "colorama-0.4.6.tar.gz", hash = "sha256:08695f5cb7ed6e0531a20572697297273c47b8cae5a63ffc6d6ed5c201be6e44"},
]

[[package]]
name = "isort"
version = "6.0.0"
description = "A Python utility / library to sort Python imports."
optional = false
python-versions = ">=3.9.0"
groups = ["dev"]
files = [
    {file = "isort-6.0.0-py3-none-any.whl", hash = "sha256:567954102bb47bb12e0fae62606570faacddd441e45683968c8d1734fb1af892"},
    {file = "isort-6.0.0.tar.gz", hash = "sha256:75d9d8a1438a9432a7d7b54f2d3b45cad9a4a0fdba43617d9873379704a8bdf1"},
]

[package.extras]
colors = ["colorama"]
plugins = ["setuptools"]

[[package]]
name = "mypy-extensions"
version = "1.0.0"
description = "Type system extensions for programs checked with the mypy type checker."
optional = false
python-versions = ">=3.5"
groups = ["dev"]
files = [
    {file = "mypy_extensions-1.0.0-py3-none-any.whl", hash = "sha256:4392f6c0eb8a5668a69e23d168ffa70f0be9ccfd32b5cc2d26a34ae5b844552d"},
    {file = "mypy_extensions-1.0.0.tar.gz", hash = "sha256:75dbf8955dc00442a438fc4d0666508a9a97b6bd41aa2f0ffe9d2f2725af0782"},
]

[[package]]
name = "numpy"
version = "2.2.2"
description = "Fundamental package for array computing in Python"
optional = false
python-versions = ">=3.10"
groups = ["main"]
files = [
    {file = "numpy-2.2.2-cp310-cp310-macosx_10_9_x86_64.whl", hash = "sha256:7079129b64cb78bdc8d611d1fd7e8002c0a2565da6a47c4df8062349fee90e3e"},
    {file = "numpy-2.2.2-cp310-cp310-macosx_11_0_arm64.whl", hash = "sha256:2ec6c689c61df613b783aeb21f945c4cbe6c51c28cb70aae8430577ab39f163e"},
    {file = "numpy-2.2.2-cp310-cp310-macosx_14_0_arm64.whl", hash = "sha256:40c7ff5da22cd391944a28c6a9c638a5eef77fcf71d6e3a79e1d9d9e82752715"},
    {file = "numpy-2.2.2-cp310-cp310-macosx_14_0_x86_64.whl", hash = "sha256:995f9e8181723852ca458e22de5d9b7d3ba4da3f11cc1cb113f093b271d7965a"},
    {file = "numpy-2.2.2-cp310-cp310-manylinux_2_17_aarch64.manylinux2014_aarch64.whl", hash = "sha256:b78ea78450fd96a498f50ee096f69c75379af5138f7881a51355ab0e11286c97"},
    {file = "numpy-2.2.2-cp310-cp310-manylinux_2_17_x86_64.manylinux2014_x86_64.whl", hash = "sha256:3fbe72d347fbc59f94124125e73fc4976a06927ebc503ec5afbfb35f193cd957"},
    {file = "numpy-2.2.2-cp310-cp310-musllinux_1_2_aarch64.whl", hash = "sha256:8e6da5cffbbe571f93588f562ed130ea63ee206d12851b60819512dd3e1ba50d"},
    {file = "numpy-2.2.2-cp310-cp310-musllinux_1_2_x86_64.whl", hash = "sha256:09d6a2032faf25e8d0cadde7fd6145118ac55d2740132c1d845f98721b5ebcfd"},
    {file = "numpy-2.2.2-cp310-cp310-win32.whl", hash = "sha256:159ff6ee4c4a36a23fe01b7c3d07bd8c14cc433d9720f977fcd52c13c0098160"},
    {file = "numpy-2.2.2-cp310-cp310-win_amd64.whl", hash = "sha256:64bd6e1762cd7f0986a740fee4dff927b9ec2c5e4d9a28d056eb17d332158014"},
    {file = "numpy-2.2.2-cp311-cp311-macosx_10_9_x86_64.whl", hash = "sha256:642199e98af1bd2b6aeb8ecf726972d238c9877b0f6e8221ee5ab945ec8a2189"},
    {file = "numpy-2.2.2-cp311-cp311-macosx_11_0_arm64.whl", hash = "sha256:6d9fc9d812c81e6168b6d405bf00b8d6739a7f72ef22a9214c4241e0dc70b323"},
    {file = "numpy-2.2.2-cp311-cp311-macosx_14_0_arm64.whl", hash = "sha256:c7d1fd447e33ee20c1f33f2c8e6634211124a9aabde3c617687d8b739aa69eac"},
    {file = "numpy-2.2.2-cp311-cp311-macosx_14_0_x86_64.whl", hash = "sha256:451e854cfae0febe723077bd0cf0a4302a5d84ff25f0bfece8f29206c7bed02e"},
    {file = "numpy-2.2.2-cp311-cp311-manylinux_2_17_aarch64.manylinux2014_aarch64.whl", hash = "sha256:bd249bc894af67cbd8bad2c22e7cbcd46cf87ddfca1f1289d1e7e54868cc785c"},
    {file = "numpy-2.2.2-cp311-cp311-manylinux_2_17_x86_64.manylinux2014_x86_64.whl", hash = "sha256:02935e2c3c0c6cbe9c7955a8efa8908dd4221d7755644c59d1bba28b94fd334f"},
    {file = "numpy-2.2.2-cp311-cp311-musllinux_1_2_aarch64.whl", hash = "sha256:a972cec723e0563aa0823ee2ab1df0cb196ed0778f173b381c871a03719d4826"},
    {file = "numpy-2.2.2-cp311-cp311-musllinux_1_2_x86_64.whl", hash = "sha256:d6d6a0910c3b4368d89dde073e630882cdb266755565155bc33520283b2d9df8"},
    {file = "numpy-2.2.2-cp311-cp311-win32.whl", hash = "sha256:860fd59990c37c3ef913c3ae390b3929d005243acca1a86facb0773e2d8d9e50"},
    {file = "numpy-2.2.2-cp311-cp311-win_amd64.whl", hash = "sha256:da1eeb460ecce8d5b8608826595c777728cdf28ce7b5a5a8c8ac8d949beadcf2"},
    {file = "numpy-2.2.2-cp312-cp312-macosx_10_13_x86_64.whl", hash = "sha256:ac9bea18d6d58a995fac1b2cb4488e17eceeac413af014b1dd26170b766d8467"},
    {file = "numpy-2.2.2-cp312-cp312-macosx_11_0_arm64.whl", hash = "sha256:23ae9f0c2d889b7b2d88a3791f6c09e2ef827c2446f1c4a3e3e76328ee4afd9a"},
    {file = "numpy-2.2.2-cp312-cp312-macosx_14_0_arm64.whl", hash = "sha256:3074634ea4d6df66be04f6728ee1d173cfded75d002c75fac79503a880bf3825"},
    {file = "numpy-2.2.2-cp312-cp312-macosx_14_0_x86_64.whl", hash = "sha256:8ec0636d3f7d68520afc6ac2dc4b8341ddb725039de042faf0e311599f54eb37"},
    {file = "numpy-2.2.2-cp312-cp312-manylinux_2_17_aarch64.manylinux2014_aarch64.whl", hash = "sha256:2ffbb1acd69fdf8e89dd60ef6182ca90a743620957afb7066385a7bbe88dc748"},
    {file = "numpy-2.2.2-cp312-cp312-manylinux_2_17_x86_64.manylinux2014_x86_64.whl", hash = "sha256:0349b025e15ea9d05c3d63f9657707a4e1d471128a3b1d876c095f328f8ff7f0"},
    {file = "numpy-2.2.2-cp312-cp312-musllinux_1_2_aarch64.whl", hash = "sha256:463247edcee4a5537841d5350bc87fe8e92d7dd0e8c71c995d2c6eecb8208278"},
    {file = "numpy-2.2.2-cp312-cp312-musllinux_1_2_x86_64.whl", hash = "sha256:9dd47ff0cb2a656ad69c38da850df3454da88ee9a6fde0ba79acceee0e79daba"},
    {file = "numpy-2.2.2-cp312-cp312-win32.whl", hash = "sha256:4525b88c11906d5ab1b0ec1f290996c0020dd318af8b49acaa46f198b1ffc283"},
    {file = "numpy-2.2.2-cp312-cp312-win_amd64.whl", hash = "sha256:5acea83b801e98541619af398cc0109ff48016955cc0818f478ee9ef1c5c3dcb"},
    {file = "numpy-2.2.2-cp313-cp313-macosx_10_13_x86_64.whl", hash = "sha256:b208cfd4f5fe34e1535c08983a1a6803fdbc7a1e86cf13dd0c61de0b51a0aadc"},
    {file = "numpy-2.2.2-cp313-cp313-macosx_11_0_arm64.whl", hash = "sha256:d0bbe7dd86dca64854f4b6ce2ea5c60b51e36dfd597300057cf473d3615f2369"},
    {file = "numpy-2.2.2-cp313-cp313-macosx_14_0_arm64.whl", hash = "sha256:22ea3bb552ade325530e72a0c557cdf2dea8914d3a5e1fecf58fa5dbcc6f43cd"},
    {file = "numpy-2.2.2-cp313-cp313-macosx_14_0_x86_64.whl", hash = "sha256:128c41c085cab8a85dc29e66ed88c05613dccf6bc28b3866cd16050a2f5448be"},
    {file = "numpy-2.2.2-cp313-cp313-manylinux_2_17_aarch64.manylinux2014_aarch64.whl", hash = "sha256:250c16b277e3b809ac20d1f590716597481061b514223c7badb7a0f9993c7f84"},
    {file = "numpy-2.2.2-cp313-cp313-manylinux_2_17_x86_64.manylinux2014_x86_64.whl", hash = "sha256:e0c8854b09bc4de7b041148d8550d3bd712b5c21ff6a8ed308085f190235d7ff"},
    {file = "numpy-2.2.2-cp313-cp313-musllinux_1_2_aarch64.whl", hash = "sha256:b6fb9c32a91ec32a689ec6410def76443e3c750e7cfc3fb2206b985ffb2b85f0"},
    {file = "numpy-2.2.2-cp313-cp313-musllinux_1_2_x86_64.whl", hash = "sha256:57b4012e04cc12b78590a334907e01b3a85efb2107df2b8733ff1ed05fce71de"},
    {file = "numpy-2.2.2-cp313-cp313-win32.whl", hash = "sha256:4dbd80e453bd34bd003b16bd802fac70ad76bd463f81f0c518d1245b1c55e3d9"},
    {file = "numpy-2.2.2-cp313-cp313-win_amd64.whl", hash = "sha256:5a8c863ceacae696aff37d1fd636121f1a512117652e5dfb86031c8d84836369"},
    {file = "numpy-2.2.2-cp313-cp313t-macosx_10_13_x86_64.whl", hash = "sha256:b3482cb7b3325faa5f6bc179649406058253d91ceda359c104dac0ad320e1391"},
    {file = "numpy-2.2.2-cp313-cp313t-macosx_11_0_arm64.whl", hash = "sha256:9491100aba630910489c1d0158034e1c9a6546f0b1340f716d522dc103788e39"},
    {file = "numpy-2.2.2-cp313-cp313t-macosx_14_0_arm64.whl", hash = "sha256:41184c416143defa34cc8eb9d070b0a5ba4f13a0fa96a709e20584638254b317"},
    {file = "numpy-2.2.2-cp313-cp313t-macosx_14_0_x86_64.whl", hash = "sha256:7dca87ca328f5ea7dafc907c5ec100d187911f94825f8700caac0b3f4c384b49"},
    {file = "numpy-2.2.2-cp313-cp313t-manylinux_2_17_aarch64.manylinux2014_aarch64.whl", hash = "sha256:0bc61b307655d1a7f9f4b043628b9f2b721e80839914ede634e3d485913e1fb2"},
    {file = "numpy-2.2.2-cp313-cp313t-manylinux_2_17_x86_64.manylinux2014_x86_64.whl", hash = "sha256:9fad446ad0bc886855ddf5909cbf8cb5d0faa637aaa6277fb4b19ade134ab3c7"},
    {file = "numpy-2.2.2-cp313-cp313t-musllinux_1_2_aarch64.whl", hash = "sha256:149d1113ac15005652e8d0d3f6fd599360e1a708a4f98e43c9c77834a28238cb"},
    {file = "numpy-2.2.2-cp313-cp313t-musllinux_1_2_x86_64.whl", hash = "sha256:106397dbbb1896f99e044efc90360d098b3335060375c26aa89c0d8a97c5f648"},
    {file = "numpy-2.2.2-cp313-cp313t-win32.whl", hash = "sha256:0eec19f8af947a61e968d5429f0bd92fec46d92b0008d0a6685b40d6adf8a4f4"},
    {file = "numpy-2.2.2-cp313-cp313t-win_amd64.whl", hash = "sha256:97b974d3ba0fb4612b77ed35d7627490e8e3dff56ab41454d9e8b23448940576"},
    {file = "numpy-2.2.2-pp310-pypy310_pp73-macosx_10_15_x86_64.whl", hash = "sha256:b0531f0b0e07643eb089df4c509d30d72c9ef40defa53e41363eca8a8cc61495"},
    {file = "numpy-2.2.2-pp310-pypy310_pp73-macosx_14_0_x86_64.whl", hash = "sha256:e9e82dcb3f2ebbc8cb5ce1102d5f1c5ed236bf8a11730fb45ba82e2841ec21df"},
    {file = "numpy-2.2.2-pp310-pypy310_pp73-manylinux_2_17_x86_64.manylinux2014_x86_64.whl", hash = "sha256:e0d4142eb40ca6f94539e4db929410f2a46052a0fe7a2c1c59f6179c39938d2a"},
    {file = "numpy-2.2.2-pp310-pypy310_pp73-win_amd64.whl", hash = "sha256:356ca982c188acbfa6af0d694284d8cf20e95b1c3d0aefa8929376fea9146f60"},
    {file = "numpy-2.2.2.tar.gz", hash = "sha256:ed6906f61834d687738d25988ae117683705636936cc605be0bb208b23df4d8f"},
]

[[package]]
name = "packaging"
version = "24.2"
description = "Core utilities for Python packages"
optional = false
python-versions = ">=3.8"
groups = ["dev"]
files = [
    {file = "packaging-24.2-py3-none-any.whl", hash = "sha256:09abb1bccd265c01f4a3aa3f7a7db064b36514d2cba19a2f694fe6150451a759"},
    {file = "packaging-24.2.tar.gz", hash = "sha256:c228a6dc5e932d346bc5739379109d49e8853dd8223571c7c5b55260edc0b97f"},
]

[[package]]
name = "pathspec"
version = "0.12.1"
description = "Utility library for gitignore style pattern matching of file paths."
optional = false
python-versions = ">=3.8"
groups = ["dev"]
files = [
    {file = "pathspec-0.12.1-py3-none-any.whl", hash = "sha256:a0d503e138a4c123b27490a4f7beda6a01c6f288df0e4a8b79c7eb0dc7b4cc08"},
    {file = "pathspec-0.12.1.tar.gz", hash = "sha256:a482d51503a1ab33b1c67a6c3813a26953dbdc71c31dacaef9a838c4e29f5712"},
]

[[package]]
name = "platformdirs"
version = "4.3.6"
description = "A small Python package for determining appropriate platform-specific dirs, e.g. a `user data dir`."
optional = false
python-versions = ">=3.8"
groups = ["dev"]
files = [
    {file = "platformdirs-4.3.6-py3-none-any.whl", hash = "sha256:73e575e1408ab8103900836b97580d5307456908a03e92031bab39e4554cc3fb"},
    {file = "platformdirs-4.3.6.tar.gz", hash = "sha256:357fb2acbc885b0419afd3ce3ed34564c13c9b95c89360cd9563f73aa5e2b907"},
]

[package.extras]
docs = ["furo (>=2024.8.6)", "proselint (>=0.14)", "sphinx (>=8.0.2)", "sphinx-autodoc-typehints (>=2.4)"]
test = ["appdirs (==1.4.4)", "covdefaults (>=2.3)", "pytest (>=8.3.2)", "pytest-cov (>=5)", "pytest-mock (>=3.14)"]
type = ["mypy (>=1.11.2)"]

[[package]]
name = "shapely"
version = "2.0.7"
description = "Manipulation and analysis of geometric objects"
optional = false
python-versions = ">=3.7"
groups = ["main"]
files = [
    {file = "shapely-2.0.7-cp310-cp310-macosx_10_9_x86_64.whl", hash = "sha256:33fb10e50b16113714ae40adccf7670379e9ccf5b7a41d0002046ba2b8f0f691"},
    {file = "shapely-2.0.7-cp310-cp310-macosx_11_0_arm64.whl", hash = "sha256:f44eda8bd7a4bccb0f281264b34bf3518d8c4c9a8ffe69a1a05dabf6e8461147"},
    {file = "shapely-2.0.7-cp310-cp310-manylinux_2_17_aarch64.manylinux2014_aarch64.whl", hash = "sha256:cf6c50cd879831955ac47af9c907ce0310245f9d162e298703f82e1785e38c98"},
    {file = "shapely-2.0.7-cp310-cp310-manylinux_2_17_x86_64.manylinux2014_x86_64.whl", hash = "sha256:04a65d882456e13c8b417562c36324c0cd1e5915f3c18ad516bb32ee3f5fc895"},
    {file = "shapely-2.0.7-cp310-cp310-win32.whl", hash = "sha256:7e97104d28e60b69f9b6a957c4d3a2a893b27525bc1fc96b47b3ccef46726bf2"},
    {file = "shapely-2.0.7-cp310-cp310-win_amd64.whl", hash = "sha256:35524cc8d40ee4752520819f9894b9f28ba339a42d4922e92c99b148bed3be39"},
    {file = "shapely-2.0.7-cp311-cp311-macosx_10_9_x86_64.whl", hash = "sha256:5cf23400cb25deccf48c56a7cdda8197ae66c0e9097fcdd122ac2007e320bc34"},
    {file = "shapely-2.0.7-cp311-cp311-macosx_11_0_arm64.whl", hash = "sha256:d8f1da01c04527f7da59ee3755d8ee112cd8967c15fab9e43bba936b81e2a013"},
    {file = "shapely-2.0.7-cp311-cp311-manylinux_2_17_aarch64.manylinux2014_aarch64.whl", hash = "sha256:8f623b64bb219d62014781120f47499a7adc30cf7787e24b659e56651ceebcb0"},
    {file = "shapely-2.0.7-cp311-cp311-manylinux_2_17_x86_64.manylinux2014_x86_64.whl", hash = "sha256:e6d95703efaa64aaabf278ced641b888fc23d9c6dd71f8215091afd8a26a66e3"},
    {file = "shapely-2.0.7-cp311-cp311-win32.whl", hash = "sha256:2f6e4759cf680a0f00a54234902415f2fa5fe02f6b05546c662654001f0793a2"},
    {file = "shapely-2.0.7-cp311-cp311-win_amd64.whl", hash = "sha256:b52f3ab845d32dfd20afba86675c91919a622f4627182daec64974db9b0b4608"},
    {file = "shapely-2.0.7-cp312-cp312-macosx_10_13_x86_64.whl", hash = "sha256:4c2b9859424facbafa54f4a19b625a752ff958ab49e01bc695f254f7db1835fa"},
    {file = "shapely-2.0.7-cp312-cp312-macosx_11_0_arm64.whl", hash = "sha256:5aed1c6764f51011d69a679fdf6b57e691371ae49ebe28c3edb5486537ffbd51"},
    {file = "shapely-2.0.7-cp312-cp312-manylinux_2_17_aarch64.manylinux2014_aarch64.whl", hash = "sha256:73c9ae8cf443187d784d57202199bf9fd2d4bb7d5521fe8926ba40db1bc33e8e"},
    {file = "shapely-2.0.7-cp312-cp312-manylinux_2_17_x86_64.manylinux2014_x86_64.whl", hash = "sha256:a9469f49ff873ef566864cb3516091881f217b5d231c8164f7883990eec88b73"},
    {file = "shapely-2.0.7-cp312-cp312-win32.whl", hash = "sha256:6bca5095e86be9d4ef3cb52d56bdd66df63ff111d580855cb8546f06c3c907cd"},
    {file = "shapely-2.0.7-cp312-cp312-win_amd64.whl", hash = "sha256:f86e2c0259fe598c4532acfcf638c1f520fa77c1275912bbc958faecbf00b108"},
    {file = "shapely-2.0.7-cp313-cp313-macosx_10_13_x86_64.whl", hash = "sha256:a0c09e3e02f948631c7763b4fd3dd175bc45303a0ae04b000856dedebefe13cb"},
    {file = "shapely-2.0.7-cp313-cp313-macosx_11_0_arm64.whl", hash = "sha256:06ff6020949b44baa8fc2e5e57e0f3d09486cd5c33b47d669f847c54136e7027"},
    {file = "shapely-2.0.7-cp313-cp313-manylinux_2_17_aarch64.manylinux2014_aarch64.whl", hash = "sha256:5d6dbf096f961ca6bec5640e22e65ccdec11e676344e8157fe7d636e7904fd36"},
    {file = "shapely-2.0.7-cp313-cp313-manylinux_2_17_x86_64.manylinux2014_x86_64.whl", hash = "sha256:adeddfb1e22c20548e840403e5e0b3d9dc3daf66f05fa59f1fcf5b5f664f0e98"},
    {file = "shapely-2.0.7-cp313-cp313-win32.whl", hash = "sha256:a7f04691ce1c7ed974c2f8b34a1fe4c3c5dfe33128eae886aa32d730f1ec1913"},
    {file = "shapely-2.0.7-cp313-cp313-win_amd64.whl", hash = "sha256:aaaf5f7e6cc234c1793f2a2760da464b604584fb58c6b6d7d94144fd2692d67e"},
    {file = "shapely-2.0.7-cp37-cp37m-macosx_10_9_x86_64.whl", hash = "sha256:19cbc8808efe87a71150e785b71d8a0e614751464e21fb679d97e274eca7bd43"},
    {file = "shapely-2.0.7-cp37-cp37m-manylinux_2_17_aarch64.manylinux2014_aarch64.whl", hash = "sha256:fc19b78cc966db195024d8011649b4e22812f805dd49264323980715ab80accc"},
    {file = "shapely-2.0.7-cp37-cp37m-manylinux_2_17_x86_64.manylinux2014_x86_64.whl", hash = "sha256:dd37d65519b3f8ed8976fa4302a2827cbb96e0a461a2e504db583b08a22f0b98"},
    {file = "shapely-2.0.7-cp37-cp37m-win32.whl", hash = "sha256:25085a30a2462cee4e850a6e3fb37431cbbe4ad51cbcc163af0cea1eaa9eb96d"},
    {file = "shapely-2.0.7-cp37-cp37m-win_amd64.whl", hash = "sha256:1a2e03277128e62f9a49a58eb7eb813fa9b343925fca5e7d631d50f4c0e8e0b8"},
    {file = "shapely-2.0.7-cp38-cp38-macosx_10_9_x86_64.whl", hash = "sha256:e1c4f1071fe9c09af077a69b6c75f17feb473caeea0c3579b3e94834efcbdc36"},
    {file = "shapely-2.0.7-cp38-cp38-macosx_11_0_arm64.whl", hash = "sha256:3697bd078b4459f5a1781015854ef5ea5d824dbf95282d0b60bfad6ff83ec8dc"},
    {file = "shapely-2.0.7-cp38-cp38-manylinux_2_17_aarch64.manylinux2014_aarch64.whl", hash = "sha256:1e9fed9a7d6451979d914cb6ebbb218b4b4e77c0d50da23e23d8327948662611"},
    {file = "shapely-2.0.7-cp38-cp38-manylinux_2_17_x86_64.manylinux2014_x86_64.whl", hash = "sha256:2934834c7f417aeb7cba3b0d9b4441a76ebcecf9ea6e80b455c33c7c62d96a24"},
    {file = "shapely-2.0.7-cp38-cp38-win32.whl", hash = "sha256:2e4a1749ad64bc6e7668c8f2f9479029f079991f4ae3cb9e6b25440e35a4b532"},
    {file = "shapely-2.0.7-cp38-cp38-win_amd64.whl", hash = "sha256:8ae5cb6b645ac3fba34ad84b32fbdccb2ab321facb461954925bde807a0d3b74"},
    {file = "shapely-2.0.7-cp39-cp39-macosx_10_9_x86_64.whl", hash = "sha256:4abeb44b3b946236e4e1a1b3d2a0987fb4d8a63bfb3fdefb8a19d142b72001e5"},
    {file = "shapely-2.0.7-cp39-cp39-macosx_11_0_arm64.whl", hash = "sha256:cd0e75d9124b73e06a42bf1615ad3d7d805f66871aa94538c3a9b7871d620013"},
    {file = "shapely-2.0.7-cp39-cp39-manylinux_2_17_aarch64.manylinux2014_aarch64.whl", hash = "sha256:7977d8a39c4cf0e06247cd2dca695ad4e020b81981d4c82152c996346cf1094b"},
    {file = "shapely-2.0.7-cp39-cp39-manylinux_2_17_x86_64.manylinux2014_x86_64.whl", hash = "sha256:0145387565fcf8f7c028b073c802956431308da933ef41d08b1693de49990d27"},
    {file = "shapely-2.0.7-cp39-cp39-win32.whl", hash = "sha256:98697c842d5c221408ba8aa573d4f49caef4831e9bc6b6e785ce38aca42d1999"},
    {file = "shapely-2.0.7-cp39-cp39-win_amd64.whl", hash = "sha256:a3fb7fbae257e1b042f440289ee7235d03f433ea880e73e687f108d044b24db5"},
    {file = "shapely-2.0.7.tar.gz", hash = "sha256:28fe2997aab9a9dc026dc6a355d04e85841546b2a5d232ed953e3321ab958ee5"},
]

[package.dependencies]
numpy = ">=1.14,<3"

[package.extras]
docs = ["matplotlib", "numpydoc (==1.1.*)", "sphinx", "sphinx-book-theme", "sphinx-remove-toctrees"]
test = ["pytest", "pytest-cov"]

[metadata]
lock-version = "2.1"
python-versions = ">=3.11,<4.0"
content-hash = "c60948c5161835adee0a03863849decc4974917cfbe5d1329f29dbbca23ce483"
